
Microsoft Visual Studio Solution File, Format Version 12.00
# Visual Studio Version 16
VisualStudioVersion = 16.0.31515.178
MinimumVisualStudioVersion = 10.0.40219.1
Project("{FAE04EC0-301F-11D3-BF4B-00C04F79EFBC}") = "Azuregitwebapp", "Azuregitwebapp\Azuregitwebapp.csproj", "{C7F08B5A-2772-4FCF-BD0B-241C64AE9A08}"
EndProject
Global
	GlobalSection(SolutionConfigurationPlatforms) = preSolution
		Debug|Any CPU = Debug|Any CPU
		Release|Any CPU = Release|Any CPU
	EndGlobalSection
	GlobalSection(ProjectConfigurationPlatforms) = postSolution
		{C7F08B5A-2772-4FCF-BD0B-241C64AE9A08}.Debug|Any CPU.ActiveCfg = Debug|Any CPU
		{C7F08B5A-2772-4FCF-BD0B-241C64AE9A08}.Debug|Any CPU.Build.0 = Debug|Any CPU
		{C7F08B5A-2772-4FCF-BD0B-241C64AE9A08}.Release|Any CPU.ActiveCfg = Release|Any CPU
		{C7F08B5A-2772-4FCF-BD0B-241C64AE9A08}.Release|Any CPU.Build.0 = Release|Any CPU
	EndGlobalSection
	GlobalSection(SolutionProperties) = preSolution
		HideSolutionNode = FALSE
	EndGlobalSection
	GlobalSection(ExtensibilityGlobals) = postSolution
		SolutionGuid = {3EF75FCA-17F4-41D5-88B9-96E002B1AADD}
	EndGlobalSection
EndGlobal
